// !$*UTF8*$!
{
	archiveVersion = 1;
	classes = {
	};
	objectVersion = 77;
	objects = {

/* Begin PBXBuildFile section */
		2F3020062FBDEA50003E8BF7 /* FirebaseAnalytics in Frameworks */ = {isa = PBXBuildFile; productRef = 2F3020052FBDEA50003E8BF7 /* FirebaseAnalytics */; };
		2F3020082FBDEA50003E8BF7 /* FirebaseFirestore in Frameworks */ = {isa = PBXBuildFile; productRef = 2F3020072FBDEA50003E8BF7 /* FirebaseFirestore */; };
		2FE8EC0D2FC09C80009F2376 /* FirebaseCrashlytics in Frameworks */ = {isa = PBXBuildFile; productRef = 2FE8EC0C2FC09C80009F2376 /* FirebaseCrashlytics */; };
		2FE8EEF52FC43044009F2376 /* FirebaseRemoteConfig in Frameworks */ = {isa = PBXBuildFile; productRef = 2FE8EEF42FC43044009F2376 /* FirebaseRemoteConfig */; };
/* End PBXBuildFile section */

/* Begin PBXContainerItemProxy section */
		2FA4AE042F9FA75900272BB9 /* PBXContainerItemProxy */ = {
			isa = PBXContainerItemProxy;
			containerPortal = 2FA4ADEC2F9FA75600272BB9 /* Project object */;
			proxyType = 1;
			remoteGlobalIDString = 2FA4ADF32F9FA75600272BB9;
			remoteInfo = Minimalist;
		};
		2FA4AE0E2F9FA75900272BB9 /* PBXContainerItemProxy */ = {
			isa = PBXContainerItemProxy;
			containerPortal = 2FA4ADEC2F9FA75600272BB9 /* Project object */;
			proxyType = 1;
			remoteGlobalIDString = 2FA4ADF32F9FA75600272BB9;
			remoteInfo = Minimalist;
		};
/* End PBXContainerItemProxy section */

/* Begin PBXFileReference section */
		2FA4ADF42F9FA75600272BB9 /* Minimalist.app */ = {isa = PBXFileReference; explicitFileType = wrapper.application; includeInIndex = 0; path = Minimalist.app; sourceTree = BUILT_PRODUCTS_DIR; };
		2FA4AE032F9FA75900272BB9 /* MinimalistTests.xctest */ = {isa = PBXFileReference; explicitFileType = wrapper.cfbundle; includeInIndex = 0; path = MinimalistTests.xctest; sourceTree = BUILT_PRODUCTS_DIR; };
		2FA4AE0D2F9FA75900272BB9 /* MinimalistUITests.xctest */ = {isa = PBXFileReference; explicitFileType = wrapper.cfbundle; includeInIndex = 0; path = MinimalistUITests.xctest; sourceTree = BUILT_PRODUCTS_DIR; };
/* End PBXFileReference section */

/* Begin PBXFileSystemSynchronizedRootGroup section */
		2FA4ADF62F9FA75600272BB9 /* Minimalist */ = {
			isa = PBXFileSystemSynchronizedRootGroup;
			path = Minimalist;
			sourceTree = "<group>";
		};
		2FA4AE062F9FA75900272BB9 /* MinimalistTests */ = {
			isa = PBXFileSystemSynchronizedRootGroup;
			path = MinimalistTests;
			sourceTree = "<group>";
		};
		2FA4AE102F9FA75900272BB9 /* MinimalistUITests */ = {
			isa = PBXFileSystemSynchronizedRootGroup;
			path = MinimalistUITests;
			sourceTree = "<group>";
		};
/* End PBXFileSystemSynchronizedRootGroup section */

/* Begin PBXFrameworksBuildPhase section */
		2FA4ADF12F9FA75600272BB9 /* Frameworks */ = {
			isa = PBXFrameworksBuildPhase;
			buildActionMask = 2147483647;
			files = (
				2FE8EC0D2FC09C80009F2376 /* FirebaseCrashlytics in Frameworks */,
				2F3020062FBDEA50003E8BF7 /* FirebaseAnalytics in Frameworks */,
				2F3020082FBDEA50003E8BF7 /* FirebaseFirestore in Frameworks */,
				2FE8EEF52FC43044009F2376 /* FirebaseRemoteConfig in Frameworks */,
			);
			runOnlyForDeploymentPostprocessing = 0;
		};
		2FA4AE002F9FA75900272BB9 /* Frameworks */ = {
			isa = PBXFrameworksBuildPhase;
			buildActionMask = 2147483647;
			files = (
			);
			runOnlyForDeploymentPostprocessing = 0;
		};
		2FA4AE0A2F9FA75900272BB9 /* Frameworks */ = {
			isa = PBXFrameworksBuildPhase;
			buildActionMask = 2147483647;
			files = (
			);
			runOnlyForDeploymentPostprocessing = 0;
		};
/* End PBXFrameworksBuildPhase section */

/* Begin PBXGroup section */
		2FA4ADEB2F9FA75600272BB9 = {
			isa = PBXGroup;
			children = (
				2FA4ADF62F9FA75600272BB9 /* Minimalist */,
				2FA4AE062F9FA75900272BB9 /* MinimalistTests */,
				2FA4AE102F9FA75900272BB9 /* MinimalistUITests */,
				2FE8EC0B2FC09C80009F2376 /* Frameworks */,
				2FA4ADF52F9FA75600272BB9 /* Products */,
			);
			sourceTree = "<group>";
		};
		2FA4ADF52F9FA75600272BB9 /* Products */ = {
			isa = PBXGroup;
			children = (
				2FA4ADF42F9FA75600272BB9 /* Minimalist.app */,
				2FA4AE032F9FA75900272BB9 /* MinimalistTests.xctest */,
				2FA4AE0D2F9FA75900272BB9 /* MinimalistUITests.xctest */,
			);
			name = Products;
			sourceTree = "<group>";
		};
		2FE8EC0B2FC09C80009F2376 /* Frameworks */ = {
			isa = PBXGroup;
			children = (
			);
			name = Frameworks;
			sourceTree = "<group>";
		};
/* End PBXGroup section */

/* Begin PBXNativeTarget section */
		2FA4ADF32F9FA75600272BB9 /* Minimalist */ = {
			isa = PBXNativeTarget;
			buildConfigurationList = 2FA4AE172F9FA75900272BB9 /* Build configuration list for PBXNativeTarget "Minimalist" */;
			buildPhases = (
				2FA4ADF02F9FA75600272BB9 /* Sources */,
				2FA4ADF12F9FA75600272BB9 /* Frameworks */,
				2FA4ADF22F9FA75600272BB9 /* Resources */,
				2FE8EC0E2FC09CB7009F2376 /* ShellScript */,
			);
			buildRules = (
			);
			dependencies = (
			);
			fileSystemSynchronizedGroups = (
				2FA4ADF62F9FA75600272BB9 /* Minimalist */,
			);
			name = Minimalist;
			packageProductDependencies = (
				2F3020052FBDEA50003E8BF7 /* FirebaseAnalytics */,
				2F3020072FBDEA50003E8BF7 /* FirebaseFirestore */,
				2FE8EC0C2FC09C80009F2376 /* FirebaseCrashlytics */,
				2FE8EEF42FC43044009F2376 /* FirebaseRemoteConfig */,
			);
			productName = Minimalist;
			productReference = 2FA4ADF42F9FA75600272BB9 /* Minimalist.app */;
			productType = "com.apple.product-type.application";
		};
		2FA4AE022F9FA75900272BB9 /* MinimalistTests */ = {
			isa = PBXNativeTarget;
			buildConfigurationList = 2FA4AE1A2F9FA75900272BB9 /* Build configuration list for PBXNativeTarget "MinimalistTests" */;
			buildPhases = (
				2FA4ADFF2F9FA75900272BB9 /* Sources */,
				2FA4AE002F9FA75900272BB9 /* Frameworks */,
				2FA4AE012F9FA75900272BB9 /* Resources */,
			);
			buildRules = (
			);
			dependencies = (
				2FA4AE052F9FA75900272BB9 /* PBXTargetDependency */,
			);
			fileSystemSynchronizedGroups = (
				2FA4AE062F9FA75900272BB9 /* MinimalistTests */,
			);
			name = MinimalistTests;
			packageProductDependencies = (
			);
			productName = MinimalistTests;
			productReference = 2FA4AE032F9FA75900272BB9 /* MinimalistTests.xctest */;
			productType = "com.apple.product-type.bundle.unit-test";
		};
		2FA4AE0C2F9FA75900272BB9 /* MinimalistUITests */ = {
			isa = PBXNativeTarget;
			buildConfigurationList = 2FA4AE1D2F9FA75900272BB9 /* Build configuration list for PBXNativeTarget "MinimalistUITests" */;
			buildPhases = (
				2FA4AE092F9FA75900272BB9 /* Sources */,
				2FA4AE0A2F9FA75900272BB9 /* Frameworks */,
				2FA4AE0B2F9FA75900272BB9 /* Resources */,
			);
			buildRules = (
			);
			dependencies = (
				2FA4AE0F2F9FA75900272BB9 /* PBXTargetDependency */,
			);
			fileSystemSynchronizedGroups = (
				2FA4AE102F9FA75900272BB9 /* MinimalistUITests */,
			);
			name = MinimalistUITests;
			packageProductDependencies = (
			);
			productName = MinimalistUITests;
			productReference = 2FA4AE0D2F9FA75900272BB9 /* MinimalistUITests.xctest */;
			productType = "com.apple.product-type.bundle.ui-testing";
		};
/* End PBXNativeTarget section */

/* Begin PBXProject section */
		2FA4ADEC2F9FA75600272BB9 /* Project object */ = {
			isa = PBXProject;
			attributes = {
				BuildIndependentTargetsInParallel = 1;
				LastSwiftUpdateCheck = 2640;
				LastUpgradeCheck = 2640;
				TargetAttributes = {
					2FA4ADF32F9FA75600272BB9 = {
						CreatedOnToolsVersion = 26.4;
					};
					2FA4AE022F9FA75900272BB9 = {
						CreatedOnToolsVersion = 26.4;
						TestTargetID = 2FA4ADF32F9FA75600272BB9;
					};
					2FA4AE0C2F9FA75900272BB9 = {
						CreatedOnToolsVersion = 26.4;
						TestTargetID = 2FA4ADF32F9FA75600272BB9;
					};
				};
			};
			buildConfigurationList = 2FA4ADEF2F9FA75600272BB9 /* Build configuration list for PBXProject "Minimalist" */;
			developmentRegion = en;
			hasScannedForEncodings = 0;
			knownRegions = (
				en,
				Base,
			);
			mainGroup = 2FA4ADEB2F9FA75600272BB9;
			minimizedProjectReferenceProxies = 1;
			packageReferences = (
				2F3020042FBDEA50003E8BF7 /* XCRemoteSwiftPackageReference "firebase-ios-sdk" */,
			);
			preferredProjectObjectVersion = 77;
			productRefGroup = 2FA4ADF52F9FA75600272BB9 /* Products */;
			projectDirPath = "";
			projectRoot = "";
			targets = (
				2FA4ADF32F9FA75600272BB9 /* Minimalist */,
				2FA4AE022F9FA75900272BB9 /* MinimalistTests */,
				2FA4AE0C2F9FA75900272BB9 /* MinimalistUITests */,
			);
		};
/* End PBXProject section */

/* Begin PBXResourcesBuildPhase section */
		2FA4ADF22F9FA75600272BB9 /* Resources */ = {
			isa = PBXResourcesBuildPhase;
			buildActionMask = 2147483647;
			files = (
			);
			runOnlyForDeploymentPostprocessing = 0;
		};
		2FA4AE012F9FA75900272BB9 /* Resources */ = {
			isa = PBXResourcesBuildPhase;
			buildActionMask = 2147483647;
			files = (
			);
			runOnlyForDeploymentPostprocessing = 0;
		};
		2FA4AE0B2F9FA75900272BB9 /* Resources */ = {
			isa = PBXResourcesBuildPhase;
			buildActionMask = 2147483647;
			files = (
			);
			runOnlyForDeploymentPostprocessing = 0;
		};
/* End PBXResourcesBuildPhase section */

/* Begin PBXShellScriptBuildPhase section */
		2FE8EC0E2FC09CB7009F2376 /* ShellScript */ = {
			isa = PBXShellScriptBuildPhase;
			buildActionMask = 2147483647;
			files = (
			);
			inputFileListPaths = (
			);
			inputPaths = (
				"${DWARF_DSYM_FOLDER_PATH}/${DWARF_DSYM_FILE_NAME}",
				"${DWARF_DSYM_FOLDER_PATH}/${DWARF_DSYM_FILE_NAME}/Contents/Resources/DWARF/${PRODUCT_NAME}",
				"${DWARF_DSYM_FOLDER_PATH}/${DWARF_DSYM_FILE_NAME}/Contents/Info.plist",
				"$(TARGET_BUILD_DIR)/$(UNLOCALIZED_RESOURCES_FOLDER_PATH)/GoogleService-Info.plist",
				"$(TARGET_BUILD_DIR)/$(EXECUTABLE_PATH)",
				"${DWARF_DSYM_FOLDER_PATH}/${DWARF_DSYM_FILE_NAME}/Contents/Resources/DWARF/${PRODUCT_NAME}.debug.dylib",
			);
			outputFileListPaths = (
			);
			outputPaths = (
			);
			runOnlyForDeploymentPostprocessing = 0;
			shellPath = /bin/sh;
			shellScript = "# Type a script or drag a script file from your workspace to insert its path.\n\"${BUILD_DIR%/Build/*}/SourcePackages/checkouts/firebase-ios-sdk/Crashlytics/run\"\n";
		};
/* End PBXShellScriptBuildPhase section */

/* Begin PBXSourcesBuildPhase section */
		2FA4ADF02F9FA75600272BB9 /* Sources */ = {
			isa = PBXSourcesBuildPhase;
			buildActionMask = 2147483647;
			files = (
			);
			runOnlyForDeploymentPostprocessing = 0;
		};
		2FA4ADFF2F9FA75900272BB9 /* Sources */ = {
			isa = PBXSourcesBuildPhase;
			buildActionMask = 2147483647;
			files = (
			);
			runOnlyForDeploymentPostprocessing = 0;
		};
		2FA4AE092F9FA75900272BB9 /* Sources */ = {
			isa = PBXSourcesBuildPhase;
			buildActionMask = 2147483647;
			files = (
			);
			runOnlyForDeploymentPostprocessing = 0;
		};
/* End PBXSourcesBuildPhase section */

/* Begin PBXTargetDependency section */
		2FA4AE052F9FA75900272BB9 /* PBXTargetDependency */ = {
			isa = PBXTargetDependency;
			target = 2FA4ADF32F9FA75600272BB9 /* Minimalist */;
			targetProxy = 2FA4AE042F9FA75900272BB9 /* PBXContainerItemProxy */;
		};
		2FA4AE0F2F9FA75900272BB9 /* PBXTargetDependency */ = {
			isa = PBXTargetDependency;
			target = 2FA4ADF32F9FA75600272BB9 /* Minimalist */;
			targetProxy = 2FA4AE0E2F9FA75900272BB9 /* PBXContainerItemProxy */;
		};
/* End PBXTargetDependency section */

/* Begin XCBuildConfiguration section */
		2FA4AE152F9FA75900272BB9 /* Debug */ = {
			isa = XCBuildConfiguration;
			buildSettings = {
				ALWAYS_SEARCH_USER_PATHS = NO;
				ASSETCATALOG_COMPILER_GENERATE_SWIFT_ASSET_SYMBOL_EXTENSIONS = YES;
				CLANG_ANALYZER_NONNULL = YES;
				CLANG_ANALYZER_NUMBER_OBJECT_CONVERSION = YES_AGGRESSIVE;
				CLANG_CXX_LANGUAGE_STANDARD = "gnu++20";
				CLANG_ENABLE_MODULES = YES;
				CLANG_ENABLE_OBJC_ARC = YES;
				CLANG_ENABLE_OBJC_WEAK = YES;
				CLANG_WARN_BLOCK_CAPTURE_AUTORELEASING = YES;
				CLANG_WARN_BOOL_CONVERSION = YES;
				CLANG_WARN_COMMA = YES;
				CLANG_WARN_CONSTANT_CONVERSION = YES;
				CLANG_WARN_DEPRECATED_OBJC_IMPLEMENTATIONS = YES;
				CLANG_WARN_DIRECT_OBJC_ISA_USAGE = YES_ERROR;
				CLANG_WARN_DOCUMENTATION_COMMENTS = YES;
				CLANG_WARN_EMPTY_BODY = YES;
				CLANG_WARN_ENUM_CONVERSION = YES;
				CLANG_WARN_INFINITE_RECURSION = YES;
				CLANG_WARN_INT_CONVERSION = YES;
				CLANG_WARN_NON_LITERAL_NULL_CONVERSION = YES;
				CLANG_WARN_OBJC_IMPLICIT_RETAIN_SELF = YES;
				CLANG_WARN_OBJC_LITERAL_CONVERSION = YES;
				CLANG_WARN_OBJC_ROOT_CLASS = YES_ERROR;
				CLANG_WARN_QUOTED_INCLUDE_IN_FRAMEWORK_HEADER = YES;
				CLANG_WARN_RANGE_LOOP_ANALYSIS = YES;
				CLANG_WARN_STRICT_PROTOTYPES = YES;
				CLANG_WARN_SUSPICIOUS_MOVE = YES;
				CLANG_WARN_UNGUARDED_AVAILABILITY = YES_AGGRESSIVE;
				CLANG_WARN_UNREACHABLE_CODE = YES;
				CLANG_WARN__DUPLICATE_METHOD_MATCH = YES;
				COPY_PHASE_STRIP = NO;
				DEBUG_INFORMATION_FORMAT = dwarf;
				ENABLE_STRICT_OBJC_MSGSEND = YES;
				ENABLE_TESTABILITY = YES;
				ENABLE_USER_SCRIPT_SANDBOXING = YES;
				GCC_C_LANGUAGE_STANDARD = gnu17;
				GCC_DYNAMIC_NO_PIC = NO;
				GCC_NO_COMMON_BLOCKS = YES;
				GCC_OPTIMIZATION_LEVEL = 0;
				GCC_PREPROCESSOR_DEFINITIONS = (
					"DEBUG=1",
					"$(inherited)",
				);
				GCC_WARN_64_TO_32_BIT_CONVERSION = YES;
				GCC_WARN_ABOUT_RETURN_TYPE = YES_ERROR;
				GCC_WARN_UNDECLARED_SELECTOR = YES;
				GCC_WARN_UNINITIALIZED_AUTOS = YES_AGGRESSIVE;
				GCC_WARN_UNUSED_FUNCTION = YES;
				GCC_WARN_UNUSED_VARIABLE = YES;
				IPHONEOS_DEPLOYMENT_TARGET = 26.4;
				LOCALIZATION_PREFERS_STRING_CATALOGS = YES;
				MTL_ENABLE_DEBUG_INFO = INCLUDE_SOURCE;
				MTL_FAST_MATH = YES;
				ONLY_ACTIVE_ARCH = YES;
				SDKROOT = iphoneos;
				SWIFT_ACTIVE_COMPILATION_CONDITIONS = "DEBUG $(inherited)";
				SWIFT_OPTIMIZATION_LEVEL = "-Onone";
			};
			name = Debug;
		};
		2FA4AE162F9FA75900272BB9 /* Release */ = {
			isa = XCBuildConfiguration;
			buildSettings = {
				ALWAYS_SEARCH_USER_PATHS = NO;
				ASSETCATALOG_COMPILER_GENERATE_SWIFT_ASSET_SYMBOL_EXTENSIONS = YES;
				CLANG_ANALYZER_NONNULL = YES;
				CLANG_ANALYZER_NUMBER_OBJECT_CONVERSION = YES_AGGRESSIVE;
				CLANG_CXX_LANGUAGE_STANDARD = "gnu++20";
				CLANG_ENABLE_MODULES = YES;
				CLANG_ENABLE_OBJC_ARC = YES;
				CLANG_ENABLE_OBJC_WEAK = YES;
				CLANG_WARN_BLOCK_CAPTURE_AUTORELEASING = YES;
				CLANG_WARN_BOOL_CONVERSION = YES;
				CLANG_WARN_COMMA = YES;
				CLANG_WARN_CONSTANT_CONVERSION = YES;
				CLANG_WARN_DEPRECATED_OBJC_IMPLEMENTATIONS = YES;
				CLANG_WARN_DIRECT_OBJC_ISA_USAGE = YES_ERROR;
				CLANG_WARN_DOCUMENTATION_COMMENTS = YES;
				CLANG_WARN_EMPTY_BODY = YES;
				CLANG_WARN_ENUM_CONVERSION = YES;
				CLANG_WARN_INFINITE_RECURSION = YES;
				CLANG_WARN_INT_CONVERSION = YES;
				CLANG_WARN_NON_LITERAL_NULL_CONVERSION = YES;
				CLANG_WARN_OBJC_IMPLICIT_RETAIN_SELF = YES;
				CLANG_WARN_OBJC_LITERAL_CONVERSION = YES;
				CLANG_WARN_OBJC_ROOT_CLASS = YES_ERROR;
				CLANG_WARN_QUOTED_INCLUDE_IN_FRAMEWORK_HEADER = YES;
				CLANG_WARN_RANGE_LOOP_ANALYSIS = YES;
				CLANG_WARN_STRICT_PROTOTYPES = YES;
				CLANG_WARN_SUSPICIOUS_MOVE = YES;
				CLANG_WARN_UNGUARDED_AVAILABILITY = YES_AGGRESSIVE;
				CLANG_WARN_UNREACHABLE_CODE = YES;
				CLANG_WARN__DUPLICATE_METHOD_MATCH = YES;
				COPY_PHASE_STRIP = NO;
				DEBUG_INFORMATION_FORMAT = "dwarf-with-dsym";
				ENABLE_NS_ASSERTIONS = NO;
				ENABLE_STRICT_OBJC_MSGSEND = YES;
				ENABLE_USER_SCRIPT_SANDBOXING = YES;
				GCC_C_LANGUAGE_STANDARD = gnu17;
				GCC_NO_COMMON_BLOCKS = YES;
				GCC_WARN_64_TO_32_BIT_CONVERSION = YES;
				GCC_WARN_ABOUT_RETURN_TYPE = YES_ERROR;
				GCC_WARN_UNDECLARED_SELECTOR = YES;
				GCC_WARN_UNINITIALIZED_AUTOS = YES_AGGRESSIVE;
				GCC_WARN_UNUSED_FUNCTION = YES;
				GCC_WARN_UNUSED_VARIABLE = YES;
				IPHONEOS_DEPLOYMENT_TARGET = 26.4;
				LOCALIZATION_PREFERS_STRING_CATALOGS = YES;
				MTL_ENABLE_DEBUG_INFO = NO;
				MTL_FAST_MATH = YES;
				SDKROOT = iphoneos;
				SWIFT_COMPILATION_MODE = wholemodule;
				VALIDATE_PRODUCT = YES;
			};
			name = Release;
		};
		2FA4AE182F9FA75900272BB9 /* Debug */ = {
			isa = XCBuildConfiguration;
			buildSettings = {
				ASSETCATALOG_COMPILER_APPICON_NAME = AppIcon;
				ASSETCATALOG_COMPILER_GLOBAL_ACCENT_COLOR_NAME = AccentColor;
				CODE_SIGN_STYLE = Automatic;
				CURRENT_PROJECT_VERSION = 1;
				DEBUG_INFORMATION_FORMAT = "dwarf-with-dsym";
				DEVELOPMENT_TEAM = 2RF9RYARW4;
				ENABLE_PREVIEWS = YES;
				ENABLE_USER_SCRIPT_SANDBOXING = YES;
				GENERATE_INFOPLIST_FILE = YES;
				INFOPLIST_KEY_UIApplicationSceneManifest_Generation = YES;
				INFOPLIST_KEY_UIApplicationSupportsIndirectInputEvents = YES;
				INFOPLIST_KEY_UILaunchScreen_Generation = YES;
				INFOPLIST_KEY_UISupportedInterfaceOrientations_iPad = "UIInterfaceOrientationPortrait UIInterfaceOrientationPortraitUpsideDown UIInterfaceOrientationLandscapeLeft UIInterfaceOrientationLandscapeRight";
				INFOPLIST_KEY_UISupportedInterfaceOrientations_iPhone = "UIInterfaceOrientationPortrait UIInterfaceOrientationLandscapeLeft UIInterfaceOrientationLandscapeRight";
				IPHONEOS_DEPLOYMENT_TARGET = 18.6;
				LD_RUNPATH_SEARCH_PATHS = (
					"$(inherited)",
					"@executable_path/Frameworks",
				);
				MARKETING_VERSION = 1.0;
				PRODUCT_BUNDLE_IDENTIFIER = mesr.Minimalist;
				PRODUCT_NAME = "$(TARGET_NAME)";
				STRING_CATALOG_GENERATE_SYMBOLS = YES;
				SWIFT_APPROACHABLE_CONCURRENCY = YES;
				SWIFT_DEFAULT_ACTOR_ISOLATION = MainActor;
				SWIFT_EMIT_LOC_STRINGS = YES;
				SWIFT_UPCOMING_FEATURE_MEMBER_IMPORT_VISIBILITY = YES;
				SWIFT_VERSION = 5.0;
				TARGETED_DEVICE_FAMILY = "1,2";
			};
			name = Debug;
		};
		2FA4AE192F9FA75900272BB9 /* Release */ = {
			isa = XCBuildConfiguration;
			buildSettings = {
				ASSETCATALOG_COMPILER_APPICON_NAME = AppIcon;
				ASSETCATALOG_COMPILER_GLOBAL_ACCENT_COLOR_NAME = AccentColor;
				CODE_SIGN_STYLE = Automatic;
				CURRENT_PROJECT_VERSION = 1;
				DEVELOPMENT_TEAM = 2RF9RYARW4;
				ENABLE_PREVIEWS = YES;
				ENABLE_USER_SCRIPT_SANDBOXING = YES;
				GENERATE_INFOPLIST_FILE = YES;
				INFOPLIST_KEY_UIApplicationSceneManifest_Generation = YES;
				INFOPLIST_KEY_UIApplicationSupportsIndirectInputEvents = YES;
				INFOPLIST_KEY_UILaunchScreen_Generation = YES;
				INFOPLIST_KEY_UISupportedInterfaceOrientations_iPad = "UIInterfaceOrientationPortrait UIInterfaceOrientationPortraitUpsideDown UIInterfaceOrientationLandscapeLeft UIInterfaceOrientationLandscapeRight";
				INFOPLIST_KEY_UISupportedInterfaceOrientations_iPhone = "UIInterfaceOrientationPortrait UIInterfaceOrientationLandscapeLeft UIInterfaceOrientationLandscapeRight";
				IPHONEOS_DEPLOYMENT_TARGET = 18.6;
				LD_RUNPATH_SEARCH_PATHS = (
					"$(inherited)",
					"@executable_path/Frameworks",
				);
				MARKETING_VERSION = 1.0;
				PRODUCT_BUNDLE_IDENTIFIER = mesr.Minimalist;
				PRODUCT_NAME = "$(TARGET_NAME)";
				STRING_CATALOG_GENERATE_SYMBOLS = YES;
				SWIFT_APPROACHABLE_CONCURRENCY = YES;
				SWIFT_DEFAULT_ACTOR_ISOLATION = MainActor;
				SWIFT_EMIT_LOC_STRINGS = YES;
				SWIFT_UPCOMING_FEATURE_MEMBER_IMPORT_VISIBILITY = YES;
				SWIFT_VERSION = 5.0;
				TARGETED_DEVICE_FAMILY = "1,2";
			};
			name = Release;
		};
		2FA4AE1B2F9FA75900272BB9 /* Debug */ = {
			isa = XCBuildConfiguration;
			buildSettings = {
				BUNDLE_LOADER = "$(TEST_HOST)";
				CODE_SIGN_STYLE = Automatic;
				CURRENT_PROJECT_VERSION = 1;
				DEVELOPMENT_TEAM = 2RF9RYARW4;
				GENERATE_INFOPLIST_FILE = YES;
				IPHONEOS_DEPLOYMENT_TARGET = 18.6;
				MARKETING_VERSION = 1.0;
				PRODUCT_BUNDLE_IDENTIFIER = mesr.MinimalistTests;
				PRODUCT_NAME = "$(TARGET_NAME)";
				STRING_CATALOG_GENERATE_SYMBOLS = NO;
				SWIFT_APPROACHABLE_CONCURRENCY = YES;
				SWIFT_EMIT_LOC_STRINGS = NO;
				SWIFT_UPCOMING_FEATURE_MEMBER_IMPORT_VISIBILITY = YES;
				SWIFT_VERSION = 5.0;
				TARGETED_DEVICE_FAMILY = "1,2";
				TEST_HOST = "$(BUILT_PRODUCTS_DIR)/Minimalist.app/$(BUNDLE_EXECUTABLE_FOLDER_PATH)/Minimalist";
			};
			name = Debug;
		};
		2FA4AE1C2F9FA75900272BB9 /* Release */ = {
			isa = XCBuildConfiguration;
			buildSettings = {
				BUNDLE_LOADER = "$(TEST_HOST)";
				CODE_SIGN_STYLE = Automatic;
				CURRENT_PROJECT_VERSION = 1;
				DEVELOPMENT_TEAM = 2RF9RYARW4;
				GENERATE_INFOPLIST_FILE = YES;
				IPHONEOS_DEPLOYMENT_TARGET = 18.6;
				MARKETING_VERSION = 1.0;
				PRODUCT_BUNDLE_IDENTIFIER = mesr.MinimalistTests;
				PRODUCT_NAME = "$(TARGET_NAME)";
				STRING_CATALOG_GENERATE_SYMBOLS = NO;
				SWIFT_APPROACHABLE_CONCURRENCY = YES;
				SWIFT_EMIT_LOC_STRINGS = NO;
				SWIFT_UPCOMING_FEATURE_MEMBER_IMPORT_VISIBILITY = YES;
				SWIFT_VERSION = 5.0;
				TARGETED_DEVICE_FAMILY = "1,2";
				TEST_HOST = "$(BUILT_PRODUCTS_DIR)/Minimalist.app/$(BUNDLE_EXECUTABLE_FOLDER_PATH)/Minimalist";
			};
			name = Release;
		};
		2FA4AE1E2F9FA75900272BB9 /* Debug */ = {
			isa = XCBuildConfiguration;
			buildSettings = {
				CODE_SIGN_STYLE = Automatic;
				CURRENT_PROJECT_VERSION = 1;
				DEVELOPMENT_TEAM = 2RF9RYARW4;
				GENERATE_INFOPLIST_FILE = YES;
				IPHONEOS_DEPLOYMENT_TARGET = 18.6;
				MARKETING_VERSION = 1.0;
				PRODUCT_BUNDLE_IDENTIFIER = mesr.MinimalistUITests;
				PRODUCT_NAME = "$(TARGET_NAME)";
				STRING_CATALOG_GENERATE_SYMBOLS = NO;
				SWIFT_APPROACHABLE_CONCURRENCY = YES;
				SWIFT_EMIT_LOC_STRINGS = NO;
				SWIFT_UPCOMING_FEATURE_MEMBER_IMPORT_VISIBILITY = YES;
				SWIFT_VERSION = 5.0;
				TARGETED_DEVICE_FAMILY = "1,2";
				TEST_TARGET_NAME = Minimalist;
			};
			name = Debug;
		};
		2FA4AE1F2F9FA75900272BB9 /* Release */ = {
			isa = XCBuildConfiguration;
			buildSettings = {
				CODE_SIGN_STYLE = Automatic;
				CURRENT_PROJECT_VERSION = 1;
				DEVELOPMENT_TEAM = 2RF9RYARW4;
				GENERATE_INFOPLIST_FILE = YES;
				IPHONEOS_DEPLOYMENT_TARGET = 18.6;
				MARKETING_VERSION = 1.0;
				PRODUCT_BUNDLE_IDENTIFIER = mesr.MinimalistUITests;
				PRODUCT_NAME = "$(TARGET_NAME)";
				STRING_CATALOG_GENERATE_SYMBOLS = NO;
				SWIFT_APPROACHABLE_CONCURRENCY = YES;
				SWIFT_EMIT_LOC_STRINGS = NO;
				SWIFT_UPCOMING_FEATURE_MEMBER_IMPORT_VISIBILITY = YES;
				SWIFT_VERSION = 5.0;
				TARGETED_DEVICE_FAMILY = "1,2";
				TEST_TARGET_NAME = Minimalist;
			};
			name = Release;
		};
/* End XCBuildConfiguration section */

/* Begin XCConfigurationList section */
		2FA4ADEF2F9FA75600272BB9 /* Build configuration list for PBXProject "Minimalist" */ = {
			isa = XCConfigurationList;
			buildConfigurations = (
				2FA4AE152F9FA75900272BB9 /* Debug */,
				2FA4AE162F9FA75900272BB9 /* Release */,
			);
			defaultConfigurationIsVisible = 0;
			defaultConfigurationName = Release;
		};
		2FA4AE172F9FA75900272BB9 /* Build configuration list for PBXNativeTarget "Minimalist" */ = {
			isa = XCConfigurationList;
			buildConfigurations = (
				2FA4AE182F9FA75900272BB9 /* Debug */,
				2FA4AE192F9FA75900272BB9 /* Release */,
			);
			defaultConfigurationIsVisible = 0;
			defaultConfigurationName = Release;
		};
		2FA4AE1A2F9FA75900272BB9 /* Build configuration list for PBXNativeTarget "MinimalistTests" */ = {
			isa = XCConfigurationList;
			buildConfigurations = (
				2FA4AE1B2F9FA75900272BB9 /* Debug */,
				2FA4AE1C2F9FA75900272BB9 /* Release */,
			);
			defaultConfigurationIsVisible = 0;
			defaultConfigurationName = Release;
		};
		2FA4AE1D2F9FA75900272BB9 /* Build configuration list for PBXNativeTarget "MinimalistUITests" */ = {
			isa = XCConfigurationList;
			buildConfigurations = (
				2FA4AE1E2F9FA75900272BB9 /* Debug */,
				2FA4AE1F2F9FA75900272BB9 /* Release */,
			);
			defaultConfigurationIsVisible = 0;
			defaultConfigurationName = Release;
		};
/* End XCConfigurationList section */

/* Begin XCRemoteSwiftPackageReference section */
		2F3020042FBDEA50003E8BF7 /* XCRemoteSwiftPackageReference "firebase-ios-sdk" */ = {
			isa = XCRemoteSwiftPackageReference;
			repositoryURL = "https://github.com/firebase/firebase-ios-sdk.git";
			requirement = {
				kind = upToNextMajorVersion;
				minimumVersion = 12.13.0;
			};
		};
/* End XCRemoteSwiftPackageReference section */

/* Begin XCSwiftPackageProductDependency section */
		2F3020052FBDEA50003E8BF7 /* FirebaseAnalytics */ = {
			isa = XCSwiftPackageProductDependency;
			package = 2F3020042FBDEA50003E8BF7 /* XCRemoteSwiftPackageReference "firebase-ios-sdk" */;
			productName = FirebaseAnalytics;
		};
		2F3020072FBDEA50003E8BF7 /* FirebaseFirestore */ = {
			isa = XCSwiftPackageProductDependency;
			package = 2F3020042FBDEA50003E8BF7 /* XCRemoteSwiftPackageReference "firebase-ios-sdk" */;
			productName = FirebaseFirestore;
		};
		2FE8EC0C2FC09C80009F2376 /* FirebaseCrashlytics */ = {
			isa = XCSwiftPackageProductDependency;
			package = 2F3020042FBDEA50003E8BF7 /* XCRemoteSwiftPackageReference "firebase-ios-sdk" */;
			productName = FirebaseCrashlytics;
		};
		2FE8EEF42FC43044009F2376 /* FirebaseRemoteConfig */ = {
			isa = XCSwiftPackageProductDependency;
			package = 2F3020042FBDEA50003E8BF7 /* XCRemoteSwiftPackageReference "firebase-ios-sdk" */;
			productName = FirebaseRemoteConfig;
		};
/* End XCSwiftPackageProductDependency section */
	};
	rootObject = 2FA4ADEC2F9FA75600272BB9 /* Project object */;
}
